
Microsoft Visual Studio Solution File, Format Version 12.00
# Visual Studio Version 16
VisualStudioVersion = 16.0.30413.136
MinimumVisualStudioVersion = 10.0.40219.1
Project("{9A19103F-16F7-4668-BE54-9A1E7A4F7556}") = "BlazorFormSample.Shared", "BlazorFormSample\Shared\Shared\BlazorFormSample.Shared.csproj", "{51D290F5-65BC-48DC-B129-F3111B3AE311}"
EndProject
Project("{9A19103F-16F7-4668-BE54-9A1E7A4F7556}") = "SpiralAngle.Blazor.Extensions", "SpiralAngle.Blazor.Extensions\SpiralAngle.Blazor.Extensions.csproj", "{6DDA6BD5-8377-4662-B818-59B5E90CAFF8}"
EndProject
Project("{2150E333-8FDC-42A3-9474-1A3956D46DE8}") = "Solution Items", "Solution Items", "{4211B76D-24AF-43BC-80EE-FB7147D04E3C}"
	ProjectSection(SolutionItems) = preProject
		.gitignore = .gitignore
		.gitmodules = .gitmodules
		LICENSE.txt = LICENSE.txt
		README.md = README.md
	EndProjectSection
EndProject
Project("{9A19103F-16F7-4668-BE54-9A1E7A4F7556}") = "BlazorFormSample.Server", "BlazorFormSample\Server\Server\BlazorFormSample.Server.csproj", "{DCC91687-10C2-41A5-80E4-9711D706C124}"
EndProject
Project("{9A19103F-16F7-4668-BE54-9A1E7A4F7556}") = "BlazorFormSample.Data.Migrations", "BlazorFormSample\Server\Data\Migration\BlazorFormSample.Data.Migrations.csproj", "{8AA070F5-6636-4DE4-8D6B-83A6CEEA4E43}"
EndProject
Project("{9A19103F-16F7-4668-BE54-9A1E7A4F7556}") = "BlazorFormSample.Server.Tests", "BlazorFormSample\Server\Tests\BlazorFormSample.Server.Tests.csproj", "{7E2F5086-4766-4CD0-961E-0FB8FCDD8D7C}"
EndProject
Project("{2150E333-8FDC-42A3-9474-1A3956D46DE8}") = "Server", "Server", "{59C157E2-6F03-4A72-AB01-FEBA3B912552}"
EndProject
Project("{2150E333-8FDC-42A3-9474-1A3956D46DE8}") = "Client", "Client", "{4B901647-6271-4313-9340-78442BCDF285}"
EndProject
Project("{9A19103F-16F7-4668-BE54-9A1E7A4F7556}") = "BlazorFormSample.Client", "BlazorFormSample\Client\Client\BlazorFormSample.Client.csproj", "{64E7601F-47C6-40FA-BD70-C9A53C8CBF2E}"
EndProject
Project("{2150E333-8FDC-42A3-9474-1A3956D46DE8}") = "Shared", "Shared", "{3346D0F4-529C-4053-8E7E-9CBBE6954A4D}"
EndProject
Project("{FAE04EC0-301F-11D3-BF4B-00C04F79EFBC}") = "BlazorFormSample.Shared.Tests", "BlazorFormSample\Shared\BlazorFormSample.Shared.Tests\BlazorFormSample.Shared.Tests.csproj", "{4738C8AB-2A60-4FC9-BA64-77170DF17D6C}"
EndProject
Global
	GlobalSection(SolutionConfigurationPlatforms) = preSolution
		Debug|Any CPU = Debug|Any CPU
		Release|Any CPU = Release|Any CPU
	EndGlobalSection
	GlobalSection(ProjectConfigurationPlatforms) = postSolution
		{51D290F5-65BC-48DC-B129-F3111B3AE311}.Debug|Any CPU.ActiveCfg = Debug|Any CPU
		{51D290F5-65BC-48DC-B129-F3111B3AE311}.Debug|Any CPU.Build.0 = Debug|Any CPU
		{51D290F5-65BC-48DC-B129-F3111B3AE311}.Release|Any CPU.ActiveCfg = Release|Any CPU
		{51D290F5-65BC-48DC-B129-F3111B3AE311}.Release|Any CPU.Build.0 = Release|Any CPU
		{6DDA6BD5-8377-4662-B818-59B5E90CAFF8}.Debug|Any CPU.ActiveCfg = Debug|Any CPU
		{6DDA6BD5-8377-4662-B818-59B5E90CAFF8}.Debug|Any CPU.Build.0 = Debug|Any CPU
		{6DDA6BD5-8377-4662-B818-59B5E90CAFF8}.Release|Any CPU.ActiveCfg = Release|Any CPU
		{6DDA6BD5-8377-4662-B818-59B5E90CAFF8}.Release|Any CPU.Build.0 = Release|Any CPU
		{DCC91687-10C2-41A5-80E4-9711D706C124}.Debug|Any CPU.ActiveCfg = Debug|Any CPU
		{DCC91687-10C2-41A5-80E4-9711D706C124}.Debug|Any CPU.Build.0 = Debug|Any CPU
		{DCC91687-10C2-41A5-80E4-9711D706C124}.Release|Any CPU.ActiveCfg = Release|Any CPU
		{DCC91687-10C2-41A5-80E4-9711D706C124}.Release|Any CPU.Build.0 = Release|Any CPU
		{8AA070F5-6636-4DE4-8D6B-83A6CEEA4E43}.Debug|Any CPU.ActiveCfg = Debug|Any CPU
		{8AA070F5-6636-4DE4-8D6B-83A6CEEA4E43}.Debug|Any CPU.Build.0 = Debug|Any CPU
		{8AA070F5-6636-4DE4-8D6B-83A6CEEA4E43}.Release|Any CPU.ActiveCfg = Release|Any CPU
		{8AA070F5-6636-4DE4-8D6B-83A6CEEA4E43}.Release|Any CPU.Build.0 = Release|Any CPU
		{7E2F5086-4766-4CD0-961E-0FB8FCDD8D7C}.Debug|Any CPU.ActiveCfg = Debug|Any CPU
		{7E2F5086-4766-4CD0-961E-0FB8FCDD8D7C}.Debug|Any CPU.Build.0 = Debug|Any CPU
		{7E2F5086-4766-4CD0-961E-0FB8FCDD8D7C}.Release|Any CPU.ActiveCfg = Release|Any CPU
		{7E2F5086-4766-4CD0-961E-0FB8FCDD8D7C}.Release|Any CPU.Build.0 = Release|Any CPU
		{64E7601F-47C6-40FA-BD70-C9A53C8CBF2E}.Debug|Any CPU.ActiveCfg = Debug|Any CPU
		{64E7601F-47C6-40FA-BD70-C9A53C8CBF2E}.Debug|Any CPU.Build.0 = Debug|Any CPU
		{64E7601F-47C6-40FA-BD70-C9A53C8CBF2E}.Release|Any CPU.ActiveCfg = Release|Any CPU
		{64E7601F-47C6-40FA-BD70-C9A53C8CBF2E}.Release|Any CPU.Build.0 = Release|Any CPU
		{4738C8AB-2A60-4FC9-BA64-77170DF17D6C}.Debug|Any CPU.ActiveCfg = Debug|Any CPU
		{4738C8AB-2A60-4FC9-BA64-77170DF17D6C}.Debug|Any CPU.Build.0 = Debug|Any CPU
		{4738C8AB-2A60-4FC9-BA64-77170DF17D6C}.Release|Any CPU.ActiveCfg = Release|Any CPU
		{4738C8AB-2A60-4FC9-BA64-77170DF17D6C}.Release|Any CPU.Build.0 = Release|Any CPU
	EndGlobalSection
	GlobalSection(SolutionProperties) = preSolution
		HideSolutionNode = FALSE
	EndGlobalSection
	GlobalSection(NestedProjects) = preSolution
		{51D290F5-65BC-48DC-B129-F3111B3AE311} = {3346D0F4-529C-4053-8E7E-9CBBE6954A4D}
		{DCC91687-10C2-41A5-80E4-9711D706C124} = {59C157E2-6F03-4A72-AB01-FEBA3B912552}
		{8AA070F5-6636-4DE4-8D6B-83A6CEEA4E43} = {59C157E2-6F03-4A72-AB01-FEBA3B912552}
		{7E2F5086-4766-4CD0-961E-0FB8FCDD8D7C} = {59C157E2-6F03-4A72-AB01-FEBA3B912552}
		{64E7601F-47C6-40FA-BD70-C9A53C8CBF2E} = {4B901647-6271-4313-9340-78442BCDF285}
		{4738C8AB-2A60-4FC9-BA64-77170DF17D6C} = {3346D0F4-529C-4053-8E7E-9CBBE6954A4D}
	EndGlobalSection
	GlobalSection(ExtensibilityGlobals) = postSolution
		SolutionGuid = {73B9DCB7-A28C-4100-ADDA-935D6FEAB5B2}
	EndGlobalSection
EndGlobal
